
Microsoft Visual Studio Solution File, Format Version 12.00
Project("{FAE04EC0-301F-11D3-BF4B-00C04F79EFBC}") = "MomentonChallenge", "MomentonChallenge\MomentonChallenge.csproj", "{BCF89C60-2C79-4821-8B0B-63BC9ED591D7}"
EndProject
Project("{FAE04EC0-301F-11D3-BF4B-00C04F79EFBC}") = "MomentonChallenge.Tests", "MomentonChallenge.Tests\MomentonChallenge.Tests.csproj", "{60193F26-AF4A-4668-B65E-BDBA7B4FDF41}"
EndProject
Global
	GlobalSection(SolutionConfigurationPlatforms) = preSolution
		Debug|Any CPU = Debug|Any CPU
		Release|Any CPU = Release|Any CPU
	EndGlobalSection
	GlobalSection(ProjectConfigurationPlatforms) = postSolution
		{BCF89C60-2C79-4821-8B0B-63BC9ED591D7}.Debug|Any CPU.ActiveCfg = Debug|Any CPU
		{BCF89C60-2C79-4821-8B0B-63BC9ED591D7}.Debug|Any CPU.Build.0 = Debug|Any CPU
		{BCF89C60-2C79-4821-8B0B-63BC9ED591D7}.Release|Any CPU.ActiveCfg = Release|Any CPU
		{BCF89C60-2C79-4821-8B0B-63BC9ED591D7}.Release|Any CPU.Build.0 = Release|Any CPU
		{60193F26-AF4A-4668-B65E-BDBA7B4FDF41}.Debug|Any CPU.ActiveCfg = Debug|Any CPU
		{60193F26-AF4A-4668-B65E-BDBA7B4FDF41}.Debug|Any CPU.Build.0 = Debug|Any CPU
		{60193F26-AF4A-4668-B65E-BDBA7B4FDF41}.Release|Any CPU.ActiveCfg = Release|Any CPU
		{60193F26-AF4A-4668-B65E-BDBA7B4FDF41}.Release|Any CPU.Build.0 = Release|Any CPU
	EndGlobalSection
EndGlobal
